
Microsoft Visual Studio Solution File, Format Version 12.00
# Visual Studio Version 17
VisualStudioVersion = 17.3.32922.545
MinimumVisualStudioVersion = 10.0.40219.1
Project("{FAE04EC0-301F-11D3-BF4B-00C04F79EFBC}") = "Login-Register", "Login-Register\Login-Register.csproj", "{7E5BF3F5-A214-43E7-A10F-30FA05D55029}"
EndProject
Global
	GlobalSection(SolutionConfigurationPlatforms) = preSolution
		Debug|Any CPU = Debug|Any CPU
		Release|Any CPU = Release|Any CPU
	EndGlobalSection
	GlobalSection(ProjectConfigurationPlatforms) = postSolution
		{7E5BF3F5-A214-43E7-A10F-30FA05D55029}.Debug|Any CPU.ActiveCfg = Debug|Any CPU
		{7E5BF3F5-A214-43E7-A10F-30FA05D55029}.Debug|Any CPU.Build.0 = Debug|Any CPU
		{7E5BF3F5-A214-43E7-A10F-30FA05D55029}.Release|Any CPU.ActiveCfg = Release|Any CPU
		{7E5BF3F5-A214-43E7-A10F-30FA05D55029}.Release|Any CPU.Build.0 = Release|Any CPU
	EndGlobalSection
	GlobalSection(SolutionProperties) = preSolution
		HideSolutionNode = FALSE
	EndGlobalSection
	GlobalSection(ExtensibilityGlobals) = postSolution
		SolutionGuid = {93E3BCB4-B7DE-461E-A7F4-FFA248B8E38A}
	EndGlobalSection
EndGlobal
